
Microsoft Visual Studio Solution File, Format Version 12.00
# Visual Studio Version 17
VisualStudioVersion = 17.5.33502.453
MinimumVisualStudioVersion = 10.0.40219.1
Project("{9A19103F-16F7-4668-BE54-9A1E7A4F7556}") = "ClientsWebApp.Domain", "ClientsWebApp.Domain\ClientsWebApp.Domain.csproj", "{1B8AABCE-ED91-42F7-A58A-D7F35F026B57}"
EndProject
Project("{9A19103F-16F7-4668-BE54-9A1E7A4F7556}") = "ClientsWebApp.Services", "ClientsWebApp.Services\ClientsWebApp.Services.csproj", "{C89DDAF5-1084-450E-AAE7-5DA6BF39E5E2}"
EndProject
Project("{9A19103F-16F7-4668-BE54-9A1E7A4F7556}") = "ClientsWebApp.Blazor", "ClientsWebApp.Blazor\ClientsWebApp.Blazor.csproj", "{377AB1AA-4592-4E58-ACB9-17D771DCC5A1}"
EndProject
Global
	GlobalSection(SolutionConfigurationPlatforms) = preSolution
		Debug|Any CPU = Debug|Any CPU
		Release|Any CPU = Release|Any CPU
	EndGlobalSection
	GlobalSection(ProjectConfigurationPlatforms) = postSolution
		{1B8AABCE-ED91-42F7-A58A-D7F35F026B57}.Debug|Any CPU.ActiveCfg = Debug|Any CPU
		{1B8AABCE-ED91-42F7-A58A-D7F35F026B57}.Debug|Any CPU.Build.0 = Debug|Any CPU
		{1B8AABCE-ED91-42F7-A58A-D7F35F026B57}.Release|Any CPU.ActiveCfg = Release|Any CPU
		{1B8AABCE-ED91-42F7-A58A-D7F35F026B57}.Release|Any CPU.Build.0 = Release|Any CPU
		{C89DDAF5-1084-450E-AAE7-5DA6BF39E5E2}.Debug|Any CPU.ActiveCfg = Debug|Any CPU
		{C89DDAF5-1084-450E-AAE7-5DA6BF39E5E2}.Debug|Any CPU.Build.0 = Debug|Any CPU
		{C89DDAF5-1084-450E-AAE7-5DA6BF39E5E2}.Release|Any CPU.ActiveCfg = Release|Any CPU
		{C89DDAF5-1084-450E-AAE7-5DA6BF39E5E2}.Release|Any CPU.Build.0 = Release|Any CPU
		{377AB1AA-4592-4E58-ACB9-17D771DCC5A1}.Debug|Any CPU.ActiveCfg = Debug|Any CPU
		{377AB1AA-4592-4E58-ACB9-17D771DCC5A1}.Debug|Any CPU.Build.0 = Debug|Any CPU
		{377AB1AA-4592-4E58-ACB9-17D771DCC5A1}.Release|Any CPU.ActiveCfg = Release|Any CPU
		{377AB1AA-4592-4E58-ACB9-17D771DCC5A1}.Release|Any CPU.Build.0 = Release|Any CPU
	EndGlobalSection
	GlobalSection(SolutionProperties) = preSolution
		HideSolutionNode = FALSE
	EndGlobalSection
	GlobalSection(ExtensibilityGlobals) = postSolution
		SolutionGuid = {4559E81B-EB8D-4DDA-B109-EC255FBD4B1E}
	EndGlobalSection
EndGlobal
